
Microsoft Visual Studio Solution File, Format Version 12.00
# Visual Studio Version 16
VisualStudioVersion = 16.0.31515.178
MinimumVisualStudioVersion = 10.0.40219.1
Project("{FAE04EC0-301F-11D3-BF4B-00C04F79EFBC}") = "ConsumindoAPIGoogle", "ConsumindoAPIGoogle\ConsumindoAPIGoogle.csproj", "{8603A12E-91B8-4D29-A938-EC76A128B4CF}"
EndProject
Global
	GlobalSection(SolutionConfigurationPlatforms) = preSolution
		Debug|Any CPU = Debug|Any CPU
		Release|Any CPU = Release|Any CPU
	EndGlobalSection
	GlobalSection(ProjectConfigurationPlatforms) = postSolution
		{8603A12E-91B8-4D29-A938-EC76A128B4CF}.Debug|Any CPU.ActiveCfg = Debug|Any CPU
		{8603A12E-91B8-4D29-A938-EC76A128B4CF}.Debug|Any CPU.Build.0 = Debug|Any CPU
		{8603A12E-91B8-4D29-A938-EC76A128B4CF}.Release|Any CPU.ActiveCfg = Release|Any CPU
		{8603A12E-91B8-4D29-A938-EC76A128B4CF}.Release|Any CPU.Build.0 = Release|Any CPU
	EndGlobalSection
	GlobalSection(SolutionProperties) = preSolution
		HideSolutionNode = FALSE
	EndGlobalSection
	GlobalSection(ExtensibilityGlobals) = postSolution
		SolutionGuid = {C78DD33D-52BA-4054-AA0C-20F5CC2FBBD3}
	EndGlobalSection
EndGlobal
